
Microsoft Visual Studio Solution File, Format Version 12.00
# Visual Studio Version 17
VisualStudioVersion = 17.0.32014.148
MinimumVisualStudioVersion = 10.0.40219.1
Project("{9A19103F-16F7-4668-BE54-9A1E7A4F7556}") = "SpectrumEngine.Emu", "SpectrumEngine.Emu\SpectrumEngine.Emu.csproj", "{B8B172FF-EF81-441C-8658-5D5499D178B3}"
EndProject
Project("{9A19103F-16F7-4668-BE54-9A1E7A4F7556}") = "SpectrumEngine.Emu.Test", "SpectrumEngine.Emu.Test\SpectrumEngine.Emu.Test.csproj", "{384FEA62-F593-4BDC-B65B-6C5C16F4614E}"
EndProject
Project("{FAE04EC0-301F-11D3-BF4B-00C04F79EFBC}") = "SpectrumEngine.Client.Avalonia", "SpectrumEngine.Client.Avalonia\SpectrumEngine.Client.Avalonia.csproj", "{7BAF9727-B2CC-4619-93A9-4809E4524528}"
EndProject
Project("{FAE04EC0-301F-11D3-BF4B-00C04F79EFBC}") = "SpectrumEngine.Tools", "SpectrumEngine.Tools\SpectrumEngine.Tools.csproj", "{998F84CC-9113-461B-ABD8-3584F9CC49C9}"
EndProject
Project("{FAE04EC0-301F-11D3-BF4B-00C04F79EFBC}") = "SpectrumEngine.Tools.Test", "SpectrumEngine.Tools.Test\SpectrumEngine.Tools.Test.csproj", "{D858609B-B652-4207-BB84-17384D912E44}"
EndProject
Global
	GlobalSection(SolutionConfigurationPlatforms) = preSolution
		Debug|Any CPU = Debug|Any CPU
		Release|Any CPU = Release|Any CPU
	EndGlobalSection
	GlobalSection(ProjectConfigurationPlatforms) = postSolution
		{B8B172FF-EF81-441C-8658-5D5499D178B3}.Debug|Any CPU.ActiveCfg = Debug|Any CPU
		{B8B172FF-EF81-441C-8658-5D5499D178B3}.Debug|Any CPU.Build.0 = Debug|Any CPU
		{B8B172FF-EF81-441C-8658-5D5499D178B3}.Release|Any CPU.ActiveCfg = Release|Any CPU
		{B8B172FF-EF81-441C-8658-5D5499D178B3}.Release|Any CPU.Build.0 = Release|Any CPU
		{384FEA62-F593-4BDC-B65B-6C5C16F4614E}.Debug|Any CPU.ActiveCfg = Debug|Any CPU
		{384FEA62-F593-4BDC-B65B-6C5C16F4614E}.Debug|Any CPU.Build.0 = Debug|Any CPU
		{384FEA62-F593-4BDC-B65B-6C5C16F4614E}.Release|Any CPU.ActiveCfg = Release|Any CPU
		{384FEA62-F593-4BDC-B65B-6C5C16F4614E}.Release|Any CPU.Build.0 = Release|Any CPU
		{7BAF9727-B2CC-4619-93A9-4809E4524528}.Debug|Any CPU.ActiveCfg = Debug|Any CPU
		{7BAF9727-B2CC-4619-93A9-4809E4524528}.Debug|Any CPU.Build.0 = Debug|Any CPU
		{7BAF9727-B2CC-4619-93A9-4809E4524528}.Release|Any CPU.ActiveCfg = Release|Any CPU
		{7BAF9727-B2CC-4619-93A9-4809E4524528}.Release|Any CPU.Build.0 = Release|Any CPU
		{998F84CC-9113-461B-ABD8-3584F9CC49C9}.Debug|Any CPU.ActiveCfg = Debug|Any CPU
		{998F84CC-9113-461B-ABD8-3584F9CC49C9}.Debug|Any CPU.Build.0 = Debug|Any CPU
		{998F84CC-9113-461B-ABD8-3584F9CC49C9}.Release|Any CPU.ActiveCfg = Release|Any CPU
		{998F84CC-9113-461B-ABD8-3584F9CC49C9}.Release|Any CPU.Build.0 = Release|Any CPU
		{D858609B-B652-4207-BB84-17384D912E44}.Debug|Any CPU.ActiveCfg = Debug|Any CPU
		{D858609B-B652-4207-BB84-17384D912E44}.Debug|Any CPU.Build.0 = Debug|Any CPU
		{D858609B-B652-4207-BB84-17384D912E44}.Release|Any CPU.ActiveCfg = Release|Any CPU
		{D858609B-B652-4207-BB84-17384D912E44}.Release|Any CPU.Build.0 = Release|Any CPU
	EndGlobalSection
	GlobalSection(SolutionProperties) = preSolution
		HideSolutionNode = FALSE
	EndGlobalSection
	GlobalSection(ExtensibilityGlobals) = postSolution
		SolutionGuid = {ED7679A8-E807-4371-BC72-4F0295DFE0B4}
	EndGlobalSection
	GlobalSection(NestedProjects) = preSolution
	EndGlobalSection
EndGlobal
