
Microsoft Visual Studio Solution File, Format Version 12.00
# Visual Studio Version 17
VisualStudioVersion = 17.0.32014.148
MinimumVisualStudioVersion = 10.0.40219.1
Project("{9A19103F-16F7-4668-BE54-9A1E7A4F7556}") = "SpectrumEngine.Emu", "SpectrumEngine.Emu\SpectrumEngine.Emu.csproj", "{B8B172FF-EF81-441C-8658-5D5499D178B3}"
EndProject
Project("{9A19103F-16F7-4668-BE54-9A1E7A4F7556}") = "SpectrumEngine.Emu.Test", "SpectrumEngine.Emu.Test\SpectrumEngine.Emu.Test.csproj", "{384FEA62-F593-4BDC-B65B-6C5C16F4614E}"
EndProject
Project("{2150E333-8FDC-42A3-9474-1A3956D46DE8}") = "Clients", "Clients", "{B59315BD-BEB7-4035-B199-70477FEF568E}"
EndProject
Project("{9A19103F-16F7-4668-BE54-9A1E7A4F7556}") = "SpectrumEngine.Client.Avalonia", "Clients\SpectrumEngine.Client.Avalonia\SpectrumEngine.Client.Avalonia.csproj", "{F1D73839-EDC8-407F-9671-6DDD09A0ED42}"
EndProject
Project("{9A19103F-16F7-4668-BE54-9A1E7A4F7556}") = "SpectrumEngine.Client.Avalonia.Desktop", "Clients\SpectrumEngine.Client.Avalonia.Desktop\SpectrumEngine.Client.Avalonia.Desktop.csproj", "{C3B1307C-A876-4D42-995C-9A87B225777D}"
EndProject
Project("{9A19103F-16F7-4668-BE54-9A1E7A4F7556}") = "SpectrumEngine.Client.Wpf", "Clients\SpectrumEngine.Client.Wpf\SpectrumEngine.Client.Wpf.csproj", "{F7BC00E0-466E-499B-9630-0163D9E2EE2C}"
EndProject
Global
	GlobalSection(SolutionConfigurationPlatforms) = preSolution
		Debug|Any CPU = Debug|Any CPU
		Release|Any CPU = Release|Any CPU
	EndGlobalSection
	GlobalSection(ProjectConfigurationPlatforms) = postSolution
		{B8B172FF-EF81-441C-8658-5D5499D178B3}.Debug|Any CPU.ActiveCfg = Debug|Any CPU
		{B8B172FF-EF81-441C-8658-5D5499D178B3}.Debug|Any CPU.Build.0 = Debug|Any CPU
		{B8B172FF-EF81-441C-8658-5D5499D178B3}.Release|Any CPU.ActiveCfg = Release|Any CPU
		{B8B172FF-EF81-441C-8658-5D5499D178B3}.Release|Any CPU.Build.0 = Release|Any CPU
		{384FEA62-F593-4BDC-B65B-6C5C16F4614E}.Debug|Any CPU.ActiveCfg = Debug|Any CPU
		{384FEA62-F593-4BDC-B65B-6C5C16F4614E}.Debug|Any CPU.Build.0 = Debug|Any CPU
		{384FEA62-F593-4BDC-B65B-6C5C16F4614E}.Release|Any CPU.ActiveCfg = Release|Any CPU
		{384FEA62-F593-4BDC-B65B-6C5C16F4614E}.Release|Any CPU.Build.0 = Release|Any CPU
		{F1D73839-EDC8-407F-9671-6DDD09A0ED42}.Debug|Any CPU.ActiveCfg = Debug|Any CPU
		{F1D73839-EDC8-407F-9671-6DDD09A0ED42}.Debug|Any CPU.Build.0 = Debug|Any CPU
		{F1D73839-EDC8-407F-9671-6DDD09A0ED42}.Release|Any CPU.ActiveCfg = Release|Any CPU
		{F1D73839-EDC8-407F-9671-6DDD09A0ED42}.Release|Any CPU.Build.0 = Release|Any CPU
		{C3B1307C-A876-4D42-995C-9A87B225777D}.Debug|Any CPU.ActiveCfg = Debug|Any CPU
		{C3B1307C-A876-4D42-995C-9A87B225777D}.Debug|Any CPU.Build.0 = Debug|Any CPU
		{C3B1307C-A876-4D42-995C-9A87B225777D}.Release|Any CPU.ActiveCfg = Release|Any CPU
		{C3B1307C-A876-4D42-995C-9A87B225777D}.Release|Any CPU.Build.0 = Release|Any CPU
		{F7BC00E0-466E-499B-9630-0163D9E2EE2C}.Debug|Any CPU.ActiveCfg = Debug|Any CPU
		{F7BC00E0-466E-499B-9630-0163D9E2EE2C}.Debug|Any CPU.Build.0 = Debug|Any CPU
		{F7BC00E0-466E-499B-9630-0163D9E2EE2C}.Release|Any CPU.ActiveCfg = Release|Any CPU
		{F7BC00E0-466E-499B-9630-0163D9E2EE2C}.Release|Any CPU.Build.0 = Release|Any CPU
	EndGlobalSection
	GlobalSection(SolutionProperties) = preSolution
		HideSolutionNode = FALSE
	EndGlobalSection
	GlobalSection(NestedProjects) = preSolution
		{F1D73839-EDC8-407F-9671-6DDD09A0ED42} = {B59315BD-BEB7-4035-B199-70477FEF568E}
		{C3B1307C-A876-4D42-995C-9A87B225777D} = {B59315BD-BEB7-4035-B199-70477FEF568E}
		{F7BC00E0-466E-499B-9630-0163D9E2EE2C} = {B59315BD-BEB7-4035-B199-70477FEF568E}
	EndGlobalSection
	GlobalSection(ExtensibilityGlobals) = postSolution
		SolutionGuid = {ED7679A8-E807-4371-BC72-4F0295DFE0B4}
	EndGlobalSection
EndGlobal
